504EC3171FED79650016851F /* Debug */ = {
    isa = XCBuildConfiguration;
    baseConfigurationReference = FC68EB0AF532CFC21C3344DD /* Pods-App.debug.xcconfig */;
    buildSettings = {
        ASSETCATALOG_COMPILER_APPICON_NAME = AppIcon;
        CODE_SIGN_STYLE = Manual;
        DEVELOPMENT_TEAM = XHY8V5C8YG;
        CURRENT_PROJECT_VERSION = 1;
        INFOPLIST_FILE = App/Info.plist;
        IPHONEOS_DEPLOYMENT_TARGET = 14.0;
        LD_RUNPATH_SEARCH_PATHS = "$(inherited) @executable_path/Frameworks";
        MARKETING_VERSION = 1.0;
        OTHER_SWIFT_FLAGS = "$(inherited) \"-D\" \"COCOAPODS\" \"-DDEBUG\"";
        PRODUCT_BUNDLE_IDENTIFIER = pl.dlaroslin.app;
        PRODUCT_NAME = "$(TARGET_NAME)";
        SWIFT_ACTIVE_COMPILATION_CONDITIONS = DEBUG;
        SWIFT_VERSION = 5.0;
        TARGETED_DEVICE_FAMILY = "1,2";
    };
    name = Debug;
};
504EC3181FED79650016851F /* Release */ = {
    isa = XCBuildConfiguration;
    baseConfigurationReference = AF51FD2D460BCFE21FA515B2 /* Pods-App.release.xcconfig */;
    buildSettings = {
        ASSETCATALOG_COMPILER_APPICON_NAME = AppIcon;
        CODE_SIGN_STYLE = Manual;
        DEVELOPMENT_TEAM = XHY8V5C8YG;
        CURRENT_PROJECT_VERSION = 1;
        INFOPLIST_FILE = App/Info.plist;
        IPHONEOS_DEPLOYMENT_TARGET = 14.0;
        LD_RUNPATH_SEARCH_PATHS = "$(inherited) @executable_path/Frameworks";
        MARKETING_VERSION = 1.0;
        PRODUCT_BUNDLE_IDENTIFIER = pl.dlaroslin.app;
        PRODUCT_NAME = "$(TARGET_NAME)";
        SWIFT_ACTIVE_COMPILATION_CONDITIONS = "";
        SWIFT_VERSION = 5.0;
        TARGETED_DEVICE_FAMILY = "1,2";
    };
    name = Release;
};
